Microsoft Visual Studio Solution File, Format Version 12.00
# Visual Studio Version 17
VisualStudioVersion = 17.2.32630.192
MinimumVisualStudioVersion = 10.0.40219.1
Project("{2150E333-8FDC-42A3-9474-1A3956D46DE8}") = "PraeceptorCQRS.Presentation", "PraeceptorCQRS.Presentation", "{043F5F44-8F17-47E9-B463-87F1A4861BC9}"
EndProject
Project("{9A19103F-16F7-4668-BE54-9A1E7A4F7556}") = "PraeceptorCQRS.Application", "PraeceptorCQRS.Application\PraeceptorCQRS.Application.csproj", "{39F14016-C694-43C3-A22E-CEDCBB2A665E}"
EndProject
Project("{9A19103F-16F7-4668-BE54-9A1E7A4F7556}") = "PraeceptorCQRS.Domain", "PraeceptorCQRS.Domain\PraeceptorCQRS.Domain.csproj", "{FA61CE3B-905C-4244-A2E8-1F043C185689}"
EndProject
Project("{9A19103F-16F7-4668-BE54-9A1E7A4F7556}") = "PraeceptorCQRS.Infrastructure", "PraeceptorCQRS.Infrastructure\PraeceptorCQRS.Infrastructure.csproj", "{64E08C21-8939-4369-AEA8-AB0F64629E30}"
EndProject
Project("{9A19103F-16F7-4668-BE54-9A1E7A4F7556}") = "PraeceptorCQRS.Contracts", "PraeceptorCQRS.Contracts\PraeceptorCQRS.Contracts.csproj", "{84B66BC5-B5C7-4C49-8B1A-B885C7D6899D}"
EndProject
Project("{9A19103F-16F7-4668-BE54-9A1E7A4F7556}") = "PraeceptorCQRS.Utilities", "PraeceptorCQRS.Utilities\PraeceptorCQRS.Utilities.csproj", "{B487C2B7-79B4-42AB-8EE2-BCC841CC6555}"
EndProject
Project("{9A19103F-16F7-4668-BE54-9A1E7A4F7556}") = "Administrative.Api", "PraeceptorCQRS.Presentation\Administrative.Api\Administrative.Api.csproj", "{BBF73999-0E52-408B-ADE7-600195A3193F}"
EndProject
Project("{9A19103F-16F7-4668-BE54-9A1E7A4F7556}") = "Document.Api", "PraeceptorCQRS.Presentation\Document.Api\Document.Api.csproj", "{2FC3B35F-1D5C-4C9E-B40F-67017629C850}"
EndProject
Project("{9A19103F-16F7-4668-BE54-9A1E7A4F7556}") = "Document.App", "PraeceptorCQRS.Presentation\Document.App\Document.App.csproj", "{6BBB41B4-69E1-4AF6-82C4-0F5DFBF2A22A}"
EndProject
Project("{9A19103F-16F7-4668-BE54-9A1E7A4F7556}") = "Administrative.App", "PraeceptorCQRS.Presentation\Administrative.App\Administrative.App.csproj", "{A40B25ED-2CAE-4845-9C11-52A0338F1EA5}"
EndProject
Project("{9A19103F-16F7-4668-BE54-9A1E7A4F7556}") = "IdentitiServer.Api", "PraeceptorCQRS.Presentation\WebApplication1\IdentitiServer.Api.csproj", "{7D414E73-8295-4690-BE9D-99D0BD8B2375}"
EndProject
Project("{9A19103F-16F7-4668-BE54-9A1E7A4F7556}") = "UserManager.App", "PraeceptorCQRS.Presentation\UserManager.App\UserManager.App.csproj", "{E7225A80-D28D-4053-ACF0-215F1737CC53}"
EndProject
Project("{9A19103F-16F7-4668-BE54-9A1E7A4F7556}") = "UserManager.Api", "PraeceptorCQRS.Presentation\UserManager.Api\UserManager.Api.csproj", "{40A91F76-7DB0-44C8-ACA7-FC6E1EAC10D9}"
EndProject
Project("{9A19103F-16F7-4668-BE54-9A1E7A4F7556}") = "FileStream.Api", "PraeceptorCQRS.Presentation\FileStream.Api\FileStream.Api.csproj", "{493C57EF-0883-468D-83A2-4DC7A477D856}"
EndProject
Project("{2150E333-8FDC-42A3-9474-1A3956D46DE8}") = "Parsers", "Parsers", "{D9CC7BB6-FECA-4EA3-A029-F8B3E9253CD7}"
EndProject
Project("{9A19103F-16F7-4668-BE54-9A1E7A4F7556}") = "AbstractLL", "Parsers\AbstractLL\AbstractLL.csproj", "{67CDF1B1-9C0A-4936-8E07-B415022FCF2C}"
EndProject
Project("{9A19103F-16F7-4668-BE54-9A1E7A4F7556}") = "DocumentToWord.Api", "PraeceptorCQRS.Presentation\DocumentToWord.Api\DocumentToWord.Api.csproj", "{A7FB7AC9-00F8-4F56-834B-814D9304152C}"
EndProject
Project("{9A19103F-16F7-4668-BE54-9A1E7A4F7556}") = "PeaLL", "PeaLL\PeaLL.csproj", "{7DA0D1F4-E58C-49F1-B74C-5FE5E0404EBC}"
EndProject
Project("{9A19103F-16F7-4668-BE54-9A1E7A4F7556}") = "Pea.Api", "Pea.Api\Pea.Api.csproj", "{2A723A62-08C9-4F91-A160-3F27864C7D05}"
EndProject
Global
	GlobalSection(SolutionConfigurationPlatforms) = preSolution
		Debug|Any CPU = Debug|Any CPU
		Release|Any CPU = Release|Any CPU
	EndGlobalSection
	GlobalSection(ProjectConfigurationPlatforms) = postSolution
		{39F14016-C694-43C3-A22E-CEDCBB2A665E}.Debug|Any CPU.ActiveCfg = Debug|Any CPU
		{39F14016-C694-43C3-A22E-CEDCBB2A665E}.Debug|Any CPU.Build.0 = Debug|Any CPU
		{39F14016-C694-43C3-A22E-CEDCBB2A665E}.Release|Any CPU.ActiveCfg = Release|Any CPU
		{39F14016-C694-43C3-A22E-CEDCBB2A665E}.Release|Any CPU.Build.0 = Release|Any CPU
		{FA61CE3B-905C-4244-A2E8-1F043C185689}.Debug|Any CPU.ActiveCfg = Debug|Any CPU
		{FA61CE3B-905C-4244-A2E8-1F043C185689}.Debug|Any CPU.Build.0 = Debug|Any CPU
		{FA61CE3B-905C-4244-A2E8-1F043C185689}.Release|Any CPU.ActiveCfg = Release|Any CPU
		{FA61CE3B-905C-4244-A2E8-1F043C185689}.Release|Any CPU.Build.0 = Release|Any CPU
		{64E08C21-8939-4369-AEA8-AB0F64629E30}.Debug|Any CPU.ActiveCfg = Debug|Any CPU
		{64E08C21-8939-4369-AEA8-AB0F64629E30}.Debug|Any CPU.Build.0 = Debug|Any CPU
		{64E08C21-8939-4369-AEA8-AB0F64629E30}.Release|Any CPU.ActiveCfg = Release|Any CPU
		{64E08C21-8939-4369-AEA8-AB0F64629E30}.Release|Any CPU.Build.0 = Release|Any CPU
		{84B66BC5-B5C7-4C49-8B1A-B885C7D6899D}.Debug|Any CPU.ActiveCfg = Debug|Any CPU
		{84B66BC5-B5C7-4C49-8B1A-B885C7D6899D}.Debug|Any CPU.Build.0 = Debug|Any CPU
		{84B66BC5-B5C7-4C49-8B1A-B885C7D6899D}.Release|Any CPU.ActiveCfg = Release|Any CPU
		{84B66BC5-B5C7-4C49-8B1A-B885C7D6899D}.Release|Any CPU.Build.0 = Release|Any CPU
		{B487C2B7-79B4-42AB-8EE2-BCC841CC6555}.Debug|Any CPU.ActiveCfg = Debug|Any CPU
		{B487C2B7-79B4-42AB-8EE2-BCC841CC6555}.Debug|Any CPU.Build.0 = Debug|Any CPU
		{B487C2B7-79B4-42AB-8EE2-BCC841CC6555}.Release|Any CPU.ActiveCfg = Release|Any CPU
		{B487C2B7-79B4-42AB-8EE2-BCC841CC6555}.Release|Any CPU.Build.0 = Release|Any CPU
		{BBF73999-0E52-408B-ADE7-600195A3193F}.Debug|Any CPU.ActiveCfg = Debug|Any CPU
		{BBF73999-0E52-408B-ADE7-600195A3193F}.Debug|Any CPU.Build.0 = Debug|Any CPU
		{BBF73999-0E52-408B-ADE7-600195A3193F}.Release|Any CPU.ActiveCfg = Release|Any CPU
		{BBF73999-0E52-408B-ADE7-600195A3193F}.Release|Any CPU.Build.0 = Release|Any CPU
		{2FC3B35F-1D5C-4C9E-B40F-67017629C850}.Debug|Any CPU.ActiveCfg = Debug|Any CPU
		{2FC3B35F-1D5C-4C9E-B40F-67017629C850}.Debug|Any CPU.Build.0 = Debug|Any CPU
		{2FC3B35F-1D5C-4C9E-B40F-67017629C850}.Release|Any CPU.ActiveCfg = Release|Any CPU
		{2FC3B35F-1D5C-4C9E-B40F-67017629C850}.Release|Any CPU.Build.0 = Release|Any CPU
		{6BBB41B4-69E1-4AF6-82C4-0F5DFBF2A22A}.Debug|Any CPU.ActiveCfg = Debug|Any CPU
		{6BBB41B4-69E1-4AF6-82C4-0F5DFBF2A22A}.Debug|Any CPU.Build.0 = Debug|Any CPU
		{6BBB41B4-69E1-4AF6-82C4-0F5DFBF2A22A}.Release|Any CPU.ActiveCfg = Release|Any CPU
		{6BBB41B4-69E1-4AF6-82C4-0F5DFBF2A22A}.Release|Any CPU.Build.0 = Release|Any CPU
		{A40B25ED-2CAE-4845-9C11-52A0338F1EA5}.Debug|Any CPU.ActiveCfg = Debug|Any CPU
		{A40B25ED-2CAE-4845-9C11-52A0338F1EA5}.Debug|Any CPU.Build.0 = Debug|Any CPU
		{A40B25ED-2CAE-4845-9C11-52A0338F1EA5}.Release|Any CPU.ActiveCfg = Release|Any CPU
		{A40B25ED-2CAE-4845-9C11-52A0338F1EA5}.Release|Any CPU.Build.0 = Release|Any CPU
		{7D414E73-8295-4690-BE9D-99D0BD8B2375}.Debug|Any CPU.ActiveCfg = Debug|Any CPU
		{7D414E73-8295-4690-BE9D-99D0BD8B2375}.Debug|Any CPU.Build.0 = Debug|Any CPU
		{7D414E73-8295-4690-BE9D-99D0BD8B2375}.Release|Any CPU.ActiveCfg = Release|Any CPU
		{7D414E73-8295-4690-BE9D-99D0BD8B2375}.Release|Any CPU.Build.0 = Release|Any CPU
		{E7225A80-D28D-4053-ACF0-215F1737CC53}.Debug|Any CPU.ActiveCfg = Debug|Any CPU
		{E7225A80-D28D-4053-ACF0-215F1737CC53}.Debug|Any CPU.Build.0 = Debug|Any CPU
		{E7225A80-D28D-4053-ACF0-215F1737CC53}.Release|Any CPU.ActiveCfg = Release|Any CPU
		{E7225A80-D28D-4053-ACF0-215F1737CC53}.Release|Any CPU.Build.0 = Release|Any CPU
		{40A91F76-7DB0-44C8-ACA7-FC6E1EAC10D9}.Debug|Any CPU.ActiveCfg = Debug|Any CPU
		{40A91F76-7DB0-44C8-ACA7-FC6E1EAC10D9}.Debug|Any CPU.Build.0 = Debug|Any CPU
		{40A91F76-7DB0-44C8-ACA7-FC6E1EAC10D9}.Release|Any CPU.ActiveCfg = Release|Any CPU
		{40A91F76-7DB0-44C8-ACA7-FC6E1EAC10D9}.Release|Any CPU.Build.0 = Release|Any CPU
		{493C57EF-0883-468D-83A2-4DC7A477D856}.Debug|Any CPU.ActiveCfg = Debug|Any CPU
		{493C57EF-0883-468D-83A2-4DC7A477D856}.Debug|Any CPU.Build.0 = Debug|Any CPU
		{493C57EF-0883-468D-83A2-4DC7A477D856}.Release|Any CPU.ActiveCfg = Release|Any CPU
		{493C57EF-0883-468D-83A2-4DC7A477D856}.Release|Any CPU.Build.0 = Release|Any CPU
		{67CDF1B1-9C0A-4936-8E07-B415022FCF2C}.Debug|Any CPU.ActiveCfg = Debug|Any CPU
		{67CDF1B1-9C0A-4936-8E07-B415022FCF2C}.Debug|Any CPU.Build.0 = Debug|Any CPU
		{67CDF1B1-9C0A-4936-8E07-B415022FCF2C}.Release|Any CPU.ActiveCfg = Release|Any CPU
		{67CDF1B1-9C0A-4936-8E07-B415022FCF2C}.Release|Any CPU.Build.0 = Release|Any CPU
		{A7FB7AC9-00F8-4F56-834B-814D9304152C}.Debug|Any CPU.ActiveCfg = Debug|Any CPU
		{A7FB7AC9-00F8-4F56-834B-814D9304152C}.Debug|Any CPU.Build.0 = Debug|Any CPU
		{A7FB7AC9-00F8-4F56-834B-814D9304152C}.Release|Any CPU.ActiveCfg = Release|Any CPU
		{A7FB7AC9-00F8-4F56-834B-814D9304152C}.Release|Any CPU.Build.0 = Release|Any CPU
		{7DA0D1F4-E58C-49F1-B74C-5FE5E0404EBC}.Debug|Any CPU.ActiveCfg = Debug|Any CPU
		{7DA0D1F4-E58C-49F1-B74C-5FE5E0404EBC}.Debug|Any CPU.Build.0 = Debug|Any CPU
		{7DA0D1F4-E58C-49F1-B74C-5FE5E0404EBC}.Release|Any CPU.ActiveCfg = Release|Any CPU
		{7DA0D1F4-E58C-49F1-B74C-5FE5E0404EBC}.Release|Any CPU.Build.0 = Release|Any CPU
		{2A723A62-08C9-4F91-A160-3F27864C7D05}.Debug|Any CPU.ActiveCfg = Debug|Any CPU
		{2A723A62-08C9-4F91-A160-3F27864C7D05}.Debug|Any CPU.Build.0 = Debug|Any CPU
		{2A723A62-08C9-4F91-A160-3F27864C7D05}.Release|Any CPU.ActiveCfg = Release|Any CPU
		{2A723A62-08C9-4F91-A160-3F27864C7D05}.Release|Any CPU.Build.0 = Release|Any CPU
	EndGlobalSection
	GlobalSection(SolutionProperties) = preSolution
		HideSolutionNode = FALSE
	EndGlobalSection
	GlobalSection(NestedProjects) = preSolution
		{BBF73999-0E52-408B-ADE7-600195A3193F} = {043F5F44-8F17-47E9-B463-87F1A4861BC9}
		{2FC3B35F-1D5C-4C9E-B40F-67017629C850} = {043F5F44-8F17-47E9-B463-87F1A4861BC9}
		{6BBB41B4-69E1-4AF6-82C4-0F5DFBF2A22A} = {043F5F44-8F17-47E9-B463-87F1A4861BC9}
		{A40B25ED-2CAE-4845-9C11-52A0338F1EA5} = {043F5F44-8F17-47E9-B463-87F1A4861BC9}
		{7D414E73-8295-4690-BE9D-99D0BD8B2375} = {043F5F44-8F17-47E9-B463-87F1A4861BC9}
		{E7225A80-D28D-4053-ACF0-215F1737CC53} = {043F5F44-8F17-47E9-B463-87F1A4861BC9}
		{40A91F76-7DB0-44C8-ACA7-FC6E1EAC10D9} = {043F5F44-8F17-47E9-B463-87F1A4861BC9}
		{493C57EF-0883-468D-83A2-4DC7A477D856} = {043F5F44-8F17-47E9-B463-87F1A4861BC9}
		{67CDF1B1-9C0A-4936-8E07-B415022FCF2C} = {D9CC7BB6-FECA-4EA3-A029-F8B3E9253CD7}
		{A7FB7AC9-00F8-4F56-834B-814D9304152C} = {043F5F44-8F17-47E9-B463-87F1A4861BC9}
		{7DA0D1F4-E58C-49F1-B74C-5FE5E0404EBC} = {D9CC7BB6-FECA-4EA3-A029-F8B3E9253CD7}
		{2A723A62-08C9-4F91-A160-3F27864C7D05} = {043F5F44-8F17-47E9-B463-87F1A4861BC9}
	EndGlobalSection
	GlobalSection(ExtensibilityGlobals) = postSolution
		SolutionGuid = {FE4CE63C-F33E-45CE-B71E-6948CD0000C1}
	EndGlobalSection
EndGlobal
